# This file is autogenerated, do not edit; changes may be undone by the next 'dep ensure'.


[[projects]]
  digest = "1:282acb7fe0ca456de4ea5c3174c2691a2bd74008462e966b69094ad0b2c23e6e"
  name = "github.com/BurntSushi/toml"
  packages = ["."]
  pruneopts = "UT"
  revision = "b26d9c308763d68093482582cea63d69be07a0f0"
  version = "v0.3.0"

[[projects]]
  branch = "master"
  digest = "1:164a36ea7dd8adbbe439458aeb3f55aeb1e18461be220ebab4937cec96fb1a6a"
  name = "github.com/Joker/jade"
  packages = ["."]
  pruneopts = "UT"
  revision = "8828253bfc54f2f91aaef5f32b44a244b0a98e4f"

[[projects]]
  branch = "master"
  digest = "1:f3d644e4f9c0f3c3a23c0556df749b111bea11cf9f083f975659d8206535d06f"
  name = "github.com/Shopify/goreferrer"
  packages = ["."]
  pruneopts = "UT"
  revision = "b9777dc9f9cc3f3e426a01d218ddd6d52153f907"

[[projects]]
  digest = "1:2aff5edb9bccd2974090fddb17ca7ab05a3f5c983db567c30c7f0b53404f5783"
  name = "github.com/ajg/form"
  packages = ["."]
  pruneopts = "UT"
  revision = "cc2954064ec9ea8d93917f0f87456e11d7b881ad"
  version = "v1.5"

[[projects]]
  branch = "master"
  digest = "1:40d018f471e78f534cd64b3837980d0f3d0d7bc2821a232ff33710751c9fa042"
  name = "github.com/aymerick/raymond"
  packages = [
    ".",
    "ast",
    "lexer",
    "parser",
  ]
  pruneopts = "UT"
  revision = "b565731e1464263de0bda75f2e45d97b54b60110"

[[projects]]
  branch = "master"
  digest = "1:ad90cbfaeb74563adf5a06cd662036d2abcdc65984ddb2ba327f2de754c83421"
  name = "github.com/buger/jsonparser"
  packages = ["."]
  pruneopts = "UT"
  revision = "f4dd9f5a6b441265aefc1d44872a6f8c10f42b37"

[[projects]]
  digest = "1:e361cb646a33874cf6521b5c4e77c9208b4b58c7fd3893b8c87f61f49b19d991"
  name = "github.com/caarlos0/env"
  packages = ["."]
  pruneopts = "UT"
  revision = "1cddc31c48c56ecd700d873edb9fd5b6f5df922a"
  version = "v3.3.0"

[[projects]]
  digest = "1:a2c1d0e43bd3baaa071d1b9ed72c27d78169b2b269f71c105ac4ba34b1be4a39"
  name = "github.com/davecgh/go-spew"
  packages = ["spew"]
  pruneopts = "UT"
  revision = "346938d642f2ec3594ed81d874461961cd0faa76"
  version = "v1.1.0"

[[projects]]
  branch = "master"
  digest = "1:e0f66235023a5a823b33107a9971cd786cc7facca5ec3d03a46d6e1076aefbbe"
  name = "github.com/eknkc/amber"
  packages = [
    ".",
    "parser",
  ]
  pruneopts = "UT"
  revision = "cdade1c073850f4ffc70a829e31235ea6892853b"

[[projects]]
  digest = "1:ca82a3b99694824c627573c2a76d0e49719b4a9c02d1d85a2ac91f1c1f52ab9b"
  name = "github.com/fatih/structs"
  packages = ["."]
  pruneopts = "UT"
  revision = "a720dfa8df582c51dee1b36feabb906bde1588bd"
  version = "v1.0"

[[projects]]
  branch = "master"
  digest = "1:21b9131fddca407b60999864676deeaa3d81626eef996658c3828628b9ce0b9c"
  name = "github.com/flosch/pongo2"
  packages = ["."]
  pruneopts = "UT"
  revision = "24195e6d38b06020d7a92c7b11960cf2e7cad2f2"

[[projects]]
  branch = "master"
  digest = "1:fbc02c2b3b78e6bc30228f3bae582f1fcea74a050cbdbf42f24eff12bef8eab4"
  name = "github.com/gavv/monotime"
  packages = ["."]
  pruneopts = "UT"
  revision = "6f8212e8d10df7383609d3c377ca08884d8f3ec0"

[[projects]]
  digest = "1:c4a2528ccbcabf90f9f3c464a5fc9e302d592861bbfd0b7135a7de8a943d0406"
  name = "github.com/go-stack/stack"
  packages = ["."]
  pruneopts = "UT"
  revision = "259ab82a6cad3992b4e21ff5cac294ccb06474bc"
  version = "v1.7.0"

[[projects]]
  branch = "master"
  digest = "1:4a0c6bb4805508a6287675fac876be2ac1182539ca8a32468d8128882e9d5009"
  name = "github.com/golang/snappy"
  packages = ["."]
  pruneopts = "UT"
  revision = "2e65f85255dbc3072edf28d6b5b8efc472979f5a"

[[projects]]
  branch = "master"
  digest = "1:a63cff6b5d8b95638bfe300385d93b2a6d9d687734b863da8e09dc834510a690"
  name = "github.com/google/go-querystring"
  packages = ["query"]
  pruneopts = "UT"
  revision = "53e6ce116135b80d037921a7fdd5138cf32d7a8a"

[[projects]]
  branch = "master"
  digest = "1:32c0e96a63bd093eccf37db757fb314be5996f34de93969321c2cbef893a7bd6"
  name = "github.com/hashicorp/go-version"
  packages = ["."]
  pruneopts = "UT"
  revision = "270f2f71b1ee587f3b609f00f422b76a6b28f348"

[[projects]]
  digest = "1:a3ce4de79566c21e93cb6934797fdaa587ad3fc6a964708ab77babe54ea67188"
  name = "github.com/imkira/go-interpol"
  packages = ["."]
  pruneopts = "UT"
  revision = "5accad8134979a6ac504d456a6c7f1c53da237ca"
  version = "v1.1.0"

[[projects]]
  branch = "master"
  digest = "1:be0e14e780a05a33d034ff3a33c385a383a028c84df710a95ec402062df025c3"
  name = "github.com/iris-contrib/formBinder"
  packages = ["."]
  pruneopts = "UT"
  revision = "ad9fb86c356f971f30319c40ddbdcf72129a2791"

[[projects]]
  branch = "v2"
  digest = "1:ff6b0586c0621a76832cf783eee58cbb9d9795d2ce8acbc199a4131db11c42a9"
  name = "github.com/iris-contrib/go.uuid"
  packages = ["."]
  pruneopts = "UT"
  revision = "36e9d2ebbde5e3f13ab2e25625fd453271d6522e"

[[projects]]
  branch = "master"
  digest = "1:5f35bfd7932f3f7866d8a6efae3e57ee7862721065ef91abc657089e1193f1e2"
  name = "github.com/iris-contrib/httpexpect"
  packages = ["."]
  pruneopts = "UT"
  revision = "ebe99fcebbcedf6e7916320cce24c3e1832766ac"

[[projects]]
  digest = "1:70e697d67ccaec45e16bac3a32380ebcd9e7e071079c60d0171d42cf1cf9748a"
  name = "github.com/joho/godotenv"
  packages = ["."]
  pruneopts = "UT"
  revision = "a79fa1e548e2c689c241d10173efd51e5d689d5b"
  version = "v1.2.0"

[[projects]]
  branch = "master"
  digest = "1:3e551bbb3a7c0ab2a2bf4660e7fcad16db089fdcfbb44b0199e62838038623ea"
  name = "github.com/json-iterator/go"
  packages = ["."]
  pruneopts = "UT"
  revision = "1624edc4454b8682399def8740d46db5e4362ba4"

[[projects]]
  branch = "master"
  digest = "1:1261ccace00babbf02bb702e71c85c8e81f65bad7bdb98c12c7a409c14de1d86"
  name = "github.com/juju/errors"
  packages = ["."]
  pruneopts = "UT"
  revision = "22422dad46e14561a0854ad42497a75af9b61909"

[[projects]]
  branch = "master"
  digest = "1:f17dfd7df684b802076e8b0b316f27788763f647f8dbee368c98b2cb933d8657"
  name = "github.com/kataras/golog"
  packages = ["."]
  pruneopts = "UT"
  revision = "03be101463868edc5a81f094fc68a5f6c1b5503a"

[[projects]]
  digest = "1:8d2e58fca6e3cb2120ac20e3fdf5a073d30316ba5b788e881c17c728290ac955"
  name = "github.com/kataras/iris"
  packages = [
    ".",
    "cache",
    "cache/cfg",
    "cache/client",
    "cache/client/rule",
    "cache/entry",
    "cache/ruleset",
    "cache/uri",
    "context",
    "core/errors",
    "core/handlerconv",
    "core/host",
    "core/maintenance",
    "core/maintenance/version",
    "core/memstore",
    "core/netutil",
    "core/router",
    "core/router/macro",
    "core/router/macro/interpreter/ast",
    "core/router/macro/interpreter/lexer",
    "core/router/macro/interpreter/parser",
    "core/router/macro/interpreter/token",
    "core/router/node",
    "hero",
    "hero/di",
    "httptest",
    "middleware/logger",
    "middleware/recover",
    "mvc",
    "sessions",
    "view",
  ]
  pruneopts = "UT"
  revision = "217d9feadc0fc5b317826a901065e0c4c27d3cad"
  version = "10.7.0"

[[projects]]
  branch = "master"
  digest = "1:1518dae62e78991ec13317fa2147f64e277b82961c3bf6f6d0c80a02601933dd"
  name = "github.com/kataras/pio"
  packages = [
    ".",
    "terminal",
  ]
  pruneopts = "UT"
  revision = "a9733b5b6b83d32b479aacd51d26ef6018261963"

[[projects]]
  branch = "v2"
  digest = "1:b3cab2b645deabe54c78b6bf3dae9522ab2d37c72b07fb5a2a79a31b95023714"
  name = "github.com/kataras/survey"
  packages = [
    ".",
    "core",
    "terminal",
  ]
  pruneopts = "UT"
  revision = "00934ae069eda15df26fa427ac393e67e239380c"

[[projects]]
  digest = "1:f61d40efff8446f4ad337bc0ec7e407c55f72e77cb0d9c1c691682e42942717a"
  name = "github.com/klauspost/compress"
  packages = [
    "flate",
    "gzip",
  ]
  pruneopts = "UT"
  revision = "b939724e787a27c0005cabe3f78e7ed7987ac74f"
  version = "v1.4.0"

[[projects]]
  digest = "1:4ea0668d490ca32a38366453a486e2e8c60fbdaf1f2607c96b4a093d8a5c8de7"
  name = "github.com/klauspost/cpuid"
  packages = ["."]
  pruneopts = "UT"
  revision = "ae7887de9fa5d2db4eaa8174a7eff2c1ac00f2da"
  version = "v1.1"

[[projects]]
  digest = "1:c658e84ad3916da105a761660dcaeb01e63416c8ec7bc62256a9b411a05fcd67"
  name = "github.com/mattn/go-colorable"
  packages = ["."]
  pruneopts = "UT"
  revision = "167de6bfdfba052fa6b2d3664c8f5272e23c9072"
  version = "v0.0.9"

[[projects]]
  digest = "1:d4d17353dbd05cb52a2a52b7fe1771883b682806f68db442b436294926bbfafb"
  name = "github.com/mattn/go-isatty"
  packages = ["."]
  pruneopts = "UT"
  revision = "0360b2af4f38e8d38c7fce2a9f4e702702d73a39"
  version = "v0.0.3"

[[projects]]
  branch = "master"
  digest = "1:2b32af4d2a529083275afc192d1067d8126b578c7a9613b26600e4df9c735155"
  name = "github.com/mgutz/ansi"
  packages = ["."]
  pruneopts = "UT"
  revision = "9520e82c474b0a04dd04f8a40959027271bab992"

[[projects]]
  branch = "master"
  digest = "1:aad292cdebf9f2001e03f2627b66ebabfd18d55b40c55bc0cd9376cec0516288"
  name = "github.com/microcosm-cc/bluemonday"
  packages = ["."]
  pruneopts = "UT"
  revision = "f2f6dc5b2a57d61194ac68bc1b82d0eebfd0c4e9"

[[projects]]
  digest = "1:33422d238f147d247752996a26574ac48dcf472976eda7f5134015f06bf16563"
  name = "github.com/modern-go/concurrent"
  packages = ["."]
  pruneopts = "UT"
  revision = "bacd9c7ef1dd9b15be4a9909b8ac7a4e313eec94"
  version = "1.0.3"

[[projects]]
  digest = "1:e32bdbdb7c377a07a9a46378290059822efdce5c8d96fe71940d87cb4f918855"
  name = "github.com/modern-go/reflect2"
  packages = ["."]
  pruneopts = "UT"
  revision = "4b7aa43c6742a2c18fdef89dd197aaae7dac7ccd"
  version = "1.0.1"

[[projects]]
  digest = "1:73f182b00971fce9533588cde148cdf76aae41f6a2fca05fb6b319b3efe8d018"
  name = "github.com/mongodb/mongo-go-driver"
  packages = [
    "bson",
    "bson/builder",
    "bson/decimal",
    "bson/elements",
    "bson/objectid",
    "bson/parser",
    "bson/parser/ast",
    "core/address",
    "core/auth",
    "core/auth/internal/gssapi",
    "core/command",
    "core/compressor",
    "core/connection",
    "core/connstring",
    "core/description",
    "core/dispatch",
    "core/event",
    "core/option",
    "core/readconcern",
    "core/readpref",
    "core/result",
    "core/session",
    "core/tag",
    "core/topology",
    "core/uuid",
    "core/version",
    "core/wiremessage",
    "core/writeconcern",
    "internal",
    "mongo",
    "mongo/aggregateopt",
    "mongo/changestreamopt",
    "mongo/clientopt",
    "mongo/collectionopt",
    "mongo/countopt",
    "mongo/dbopt",
    "mongo/deleteopt",
    "mongo/distinctopt",
    "mongo/dropcollopt",
    "mongo/findopt",
    "mongo/indexopt",
    "mongo/insertopt",
    "mongo/listcollectionopt",
    "mongo/listdbopt",
    "mongo/mongoopt",
    "mongo/replaceopt",
    "mongo/runcmdopt",
    "mongo/sessionopt",
    "mongo/updateopt",
  ]
  pruneopts = "UT"
  revision = "9b26cbb1a61aaedd6160e99c41fa514b04a1a245"
  version = "v0.0.11"

[[projects]]
  branch = "master"
  digest = "1:7aefb397a53fc437c90f0fdb3e1419c751c5a3a165ced52325d5d797edf1aca6"
  name = "github.com/moul/http2curl"
  packages = ["."]
  pruneopts = "UT"
  revision = "9ac6cf4d929b2fa8fd2d2e6dec5bb0feb4f4911d"

[[projects]]
  digest = "1:0028cb19b2e4c3112225cd871870f2d9cf49b9b4276531f03438a88e94be86fe"
  name = "github.com/pmezard/go-difflib"
  packages = ["difflib"]
  pruneopts = "UT"
  revision = "792786c7400a136282c1664665ae0a8db921c6c2"
  version = "v1.0.0"

[[projects]]
  branch = "master"
  digest = "1:0cdbe7b717bdc81f143bbdd516c3639828c5e1cd158e4140ca100d657fc26550"
  name = "github.com/ryanuber/columnize"
  packages = ["."]
  pruneopts = "UT"
  revision = "abc90934186a77966e2beeac62ed966aac0561d5"

[[projects]]
  digest = "1:80531a51f582699fc489f049b9d31fce90ab789a0abd03e34b61a24098bd9432"
  name = "github.com/sergi/go-diff"
  packages = ["diffmatchpatch"]
  pruneopts = "UT"
  revision = "97b2266dfe4bd4ea1b81a463322f04f8b724801e"

[[projects]]
  branch = "master"
  digest = "1:def689e73e9252f6f7fe66834a76751a41b767e03daab299e607e7226c58a855"
  name = "github.com/shurcooL/sanitized_anchor_name"
  packages = ["."]
  pruneopts = "UT"
  revision = "86672fcb3f950f35f2e675df2240550f2a50762f"

[[projects]]
  digest = "1:befd7181c2f92c9f05abf17cd7e15538919f19cf7871d794cacc45a4fb99c135"
  name = "github.com/stretchr/testify"
  packages = [
    "assert",
    "require",
  ]
  pruneopts = "UT"
  revision = "f35b8ab0b5a2cef36673838d662e249dd9c94686"
  version = "v1.2.2"

[[projects]]
  branch = "master"
  digest = "1:f4e5276a3b356f4692107047fd2890f2fe534f4feeb6b1fd2f6dfbd87f1ccf54"
  name = "github.com/xeipuuv/gojsonpointer"
  packages = ["."]
  pruneopts = "UT"
  revision = "4e3ac2762d5f479393488629ee9370b50873b3a6"

[[projects]]
  branch = "master"
  digest = "1:dc6a6c28ca45d38cfce9f7cb61681ee38c5b99ec1425339bfc1e1a7ba769c807"
  name = "github.com/xeipuuv/gojsonreference"
  packages = ["."]
  pruneopts = "UT"
  revision = "bd5ef7bd5415a7ac448318e64f11a24cd21e594b"

[[projects]]
  branch = "master"
  digest = "1:f7dbb257a7352dc37f96d101a8586fe75e078fbeb81cf21ff86e81829936aaf9"
  name = "github.com/xeipuuv/gojsonschema"
  packages = ["."]
  pruneopts = "UT"
  revision = "6cd6dcbc9e7514bea255a9241665a6c2d0b37fb4"

[[projects]]
  branch = "master"
  digest = "1:ac3d942a027d57fbfc5c13791cfaaa4b30729674fea88f2e03190b777c2b674e"
  name = "github.com/yalp/jsonpath"
  packages = ["."]
  pruneopts = "UT"
  revision = "5cc68e5049a040829faef3a44c00ec4332f6dec7"

[[projects]]
  digest = "1:602cf153e8c0f469f3886977eea292cf4e59f49a3020a55ff855034fa17bdb4e"
  name = "github.com/yudai/gojsondiff"
  packages = [
    ".",
    "formatter",
  ]
  pruneopts = "UT"
  revision = "7b1b7adf999dab73a6eb02669c3d82dbb27a3dd6"
  version = "1.0.0"

[[projects]]
  digest = "1:fa262dab5d2a8f50514cc7305659fee132127d615d75b0dca879705a3d6d495c"
  name = "github.com/yudai/golcs"
  packages = ["."]
  pruneopts = "UT"
  revision = "d1c525dea8ce39ea9a783d33cf08932305373f2c"

[[projects]]
  branch = "master"
  digest = "1:b5f5092c2effcaccd3ca665682e3e7e0cabf353286e1eaa88b7bc4004f8e4378"
  name = "golang.org/x/crypto"
  packages = [
    "acme",
    "acme/autocert",
    "pbkdf2",
  ]
  pruneopts = "UT"
  revision = "de0752318171da717af4ce24d0a2e8626afaeb11"

[[projects]]
  branch = "master"
  digest = "1:3fe2cbfe6d176af92591a5bbd7253107d5509eec97d0cfe6915680f2e2eb23ed"
  name = "golang.org/x/net"
  packages = [
    "context",
    "html",
    "html/atom",
    "idna",
    "publicsuffix",
  ]
  pruneopts = "UT"
  revision = "c39426892332e1bb5ec0a434a079bf82f5d30c54"

[[projects]]
  digest = "1:e0140c0c868c6e0f01c0380865194592c011fe521d6e12d78bfd33e756fe018a"
  name = "golang.org/x/sync"
  packages = ["semaphore"]
  pruneopts = "UT"
  revision = "fd80eb99c8f653c847d294a001bdf2a3a6f768f5"

[[projects]]
  branch = "master"
  digest = "1:0316a8ad208917f1d141b077e278980fd5e4594f3a85f835dacbf24d85798252"
  name = "golang.org/x/sys"
  packages = ["unix"]
  pruneopts = "UT"
  revision = "14742f9018cd6651ec7364dc6ee08af0baaa1031"

[[projects]]
  digest = "1:7509ba4347d1f8de6ae9be8818b0cd1abc3deeffe28aeaf4be6d4b6b5178d9ca"
  name = "golang.org/x/text"
  packages = [
    "collate",
    "collate/build",
    "internal/colltab",
    "internal/gen",
    "internal/tag",
    "internal/triegen",
    "internal/ucd",
    "language",
    "secure/bidirule",
    "transform",
    "unicode/bidi",
    "unicode/cldr",
    "unicode/norm",
    "unicode/rangetable",
  ]
  pruneopts = "UT"
  revision = "f21a4dfb5e38f5895301dc265a8def02365cc3d0"
  version = "v0.3.0"

[[projects]]
  branch = "v2"
  digest = "1:142d747d04c6cdb9216737787feed9b39912bb52fd23e17b48fb3d3acf28fd39"
  name = "gopkg.in/russross/blackfriday.v2"
  packages = ["."]
  pruneopts = "UT"
  revision = "0e0e3095cb287f44f2aa15e43540194f14b0385a"

[[projects]]
  branch = "v2"
  digest = "1:342378ac4dcb378a5448dd723f0784ae519383532f5e70ade24132c4c8693202"
  name = "gopkg.in/yaml.v2"
  packages = ["."]
  pruneopts = "UT"
  revision = "5420a8b6744d3b0345ab293f6fcba19c978f1183"

[solve-meta]
  analyzer-name = "dep"
  analyzer-version = 1
  input-imports = [
    "github.com/caarlos0/env",
    "github.com/joho/godotenv",
    "github.com/kataras/iris",
    "github.com/kataras/iris/httptest",
    "github.com/kataras/iris/mvc",
    "github.com/mongodb/mongo-go-driver/bson",
    "github.com/mongodb/mongo-go-driver/bson/objectid",
    "github.com/mongodb/mongo-go-driver/mongo",
  ]
  solver-name = "gps-cdcl"
  solver-version = 1
